// !$*UTF8*$!
{
	archiveVersion = 1;
	classes = {
	};
	objectVersion = 56;
	objects = {

/* Begin PBXBuildFile section */
		84D2BBBE2A7E0EAE00DB9E2A /* SwiftUIFirstProjectApp.swift in Sources */ = {isa = PBXBuildFile; fileRef = 84D2BBBD2A7E0EAE00DB9E2A /* SwiftUIFirstProjectApp.swift */; };
		84D2BBC02A7E0EAE00DB9E2A /* ContentView.swift in Sources */ = {isa = PBXBuildFile; fileRef = 84D2BBBF2A7E0EAE00DB9E2A /* ContentView.swift */; };
		84D2BBC22A7E0EAF00DB9E2A /* Assets.xcassets in Resources */ = {isa = PBXBuildFile; fileRef = 84D2BBC12A7E0EAF00DB9E2A /* Assets.xcassets */; };
		84D2BBC52A7E0EAF00DB9E2A /* Preview Assets.xcassets in Resources */ = {isa = PBXBuildFile; fileRef = 84D2BBC42A7E0EAF00DB9E2A /* Preview Assets.xcassets */; };
		84D2BBCF2A7E0EAF00DB9E2A /* SwiftUIFirstProjectTests.swift in Sources */ = {isa = PBXBuildFile; fileRef = 84D2BBCE2A7E0EAF00DB9E2A /* SwiftUIFirstProjectTests.swift */; };
		84D2BBD92A7E0EAF00DB9E2A /* SwiftUIFirstProjectUITests.swift in Sources */ = {isa = PBXBuildFile; fileRef = 84D2BBD82A7E0EAF00DB9E2A /* SwiftUIFirstProjectUITests.swift */; };
		84D2BBDB2A7E0EAF00DB9E2A /* SwiftUIFirstProjectUITestsLaunchTests.swift in Sources */ = {isa = PBXBuildFile; fileRef = 84D2BBDA2A7E0EAF00DB9E2A /* SwiftUIFirstProjectUITestsLaunchTests.swift */; };
		84D2BBE82A7E112300DB9E2A /* CircleImageView.swift in Sources */ = {isa = PBXBuildFile; fileRef = 84D2BBE72A7E112300DB9E2A /* CircleImageView.swift */; };
		84D2BBEC2A7E12C100DB9E2A /* MapView.swift in Sources */ = {isa = PBXBuildFile; fileRef = 84D2BBEB2A7E12C100DB9E2A /* MapView.swift */; };
/* End PBXBuildFile section */

/* Begin PBXContainerItemProxy section */
		84D2BBCB2A7E0EAF00DB9E2A /* PBXContainerItemProxy */ = {
			isa = PBXContainerItemProxy;
			containerPortal = 84D2BBB22A7E0EAE00DB9E2A /* Project object */;
			proxyType = 1;
			remoteGlobalIDString = 84D2BBB92A7E0EAE00DB9E2A;
			remoteInfo = SwiftUIFirstProject;
		};
		84D2BBD52A7E0EAF00DB9E2A /* PBXContainerItemProxy */ = {
			isa = PBXContainerItemProxy;
			containerPortal = 84D2BBB22A7E0EAE00DB9E2A /* Project object */;
			proxyType = 1;
			remoteGlobalIDString = 84D2BBB92A7E0EAE00DB9E2A;
			remoteInfo = SwiftUIFirstProject;
		};
/* End PBXContainerItemProxy section */

/* Begin PBXFileReference section */
		84D2BBBA2A7E0EAE00DB9E2A /* SwiftUIFirstProject.app */ = {isa = PBXFileReference; explicitFileType = wrapper.application; includeInIndex = 0; path = SwiftUIFirstProject.app; sourceTree = BUILT_PRODUCTS_DIR; };
		84D2BBBD2A7E0EAE00DB9E2A /* SwiftUIFirstProjectApp.swift */ = {isa = PBXFileReference; lastKnownFileType = sourcecode.swift; path = SwiftUIFirstProjectApp.swift; sourceTree = "<group>"; };
		84D2BBBF2A7E0EAE00DB9E2A /* ContentView.swift */ = {isa = PBXFileReference; lastKnownFileType = sourcecode.swift; path = ContentView.swift; sourceTree = "<group>"; };
		84D2BBC12A7E0EAF00DB9E2A /* Assets.xcassets */ = {isa = PBXFileReference; lastKnownFileType = folder.assetcatalog; path = Assets.xcassets; sourceTree = "<group>"; };
		84D2BBC42A7E0EAF00DB9E2A /* Preview Assets.xcassets */ = {isa = PBXFileReference; lastKnownFileType = folder.assetcatalog; path = "Preview Assets.xcassets"; sourceTree = "<group>"; };
		84D2BBCA2A7E0EAF00DB9E2A /* SwiftUIFirstProjectTests.xctest */ = {isa = PBXFileReference; explicitFileType = wrapper.cfbundle; includeInIndex = 0; path = SwiftUIFirstProjectTests.xctest; sourceTree = BUILT_PRODUCTS_DIR; };
		84D2BBCE2A7E0EAF00DB9E2A /* SwiftUIFirstProjectTests.swift */ = {isa = PBXFileReference; lastKnownFileType = sourcecode.swift; path = SwiftUIFirstProjectTests.swift; sourceTree = "<group>"; };
		84D2BBD42A7E0EAF00DB9E2A /* SwiftUIFirstProjectUITests.xctest */ = {isa = PBXFileReference; explicitFileType = wrapper.cfbundle; includeInIndex = 0; path = SwiftUIFirstProjectUITests.xctest; sourceTree = BUILT_PRODUCTS_DIR; };
		84D2BBD82A7E0EAF00DB9E2A /* SwiftUIFirstProjectUITests.swift */ = {isa = PBXFileReference; lastKnownFileType = sourcecode.swift; path = SwiftUIFirstProjectUITests.swift; sourceTree = "<group>"; };
		84D2BBDA2A7E0EAF00DB9E2A /* SwiftUIFirstProjectUITestsLaunchTests.swift */ = {isa = PBXFileReference; lastKnownFileType = sourcecode.swift; path = SwiftUIFirstProjectUITestsLaunchTests.swift; sourceTree = "<group>"; };
		84D2BBE72A7E112300DB9E2A /* CircleImageView.swift */ = {isa = PBXFileReference; lastKnownFileType = sourcecode.swift; path = CircleImageView.swift; sourceTree = "<group>"; };
		84D2BBEB2A7E12C100DB9E2A /* MapView.swift */ = {isa = PBXFileReference; lastKnownFileType = sourcecode.swift; path = MapView.swift; sourceTree = "<group>"; };
/* End PBXFileReference section */

/* Begin PBXFrameworksBuildPhase section */
		84D2BBB72A7E0EAE00DB9E2A /* Frameworks */ = {
			isa = PBXFrameworksBuildPhase;
			buildActionMask = 2147483647;
			files = (
			);
			runOnlyForDeploymentPostprocessing = 0;
		};
		84D2BBC72A7E0EAF00DB9E2A /* Frameworks */ = {
			isa = PBXFrameworksBuildPhase;
			buildActionMask = 2147483647;
			files = (
			);
			runOnlyForDeploymentPostprocessing = 0;
		};
		84D2BBD12A7E0EAF00DB9E2A /* Frameworks */ = {
			isa = PBXFrameworksBuildPhase;
			buildActionMask = 2147483647;
			files = (
			);
			runOnlyForDeploymentPostprocessing = 0;
		};
/* End PBXFrameworksBuildPhase section */

/* Begin PBXGroup section */
		84D2BBB12A7E0EAE00DB9E2A = {
			isa = PBXGroup;
			children = (
				84D2BBBC2A7E0EAE00DB9E2A /* SwiftUIFirstProject */,
				84D2BBCD2A7E0EAF00DB9E2A /* SwiftUIFirstProjectTests */,
				84D2BBD72A7E0EAF00DB9E2A /* SwiftUIFirstProjectUITests */,
				84D2BBBB2A7E0EAE00DB9E2A /* Products */,
			);
			sourceTree = "<group>";
		};
		84D2BBBB2A7E0EAE00DB9E2A /* Products */ = {
			isa = PBXGroup;
			children = (
				84D2BBBA2A7E0EAE00DB9E2A /* SwiftUIFirstProject.app */,
				84D2BBCA2A7E0EAF00DB9E2A /* SwiftUIFirstProjectTests.xctest */,
				84D2BBD42A7E0EAF00DB9E2A /* SwiftUIFirstProjectUITests.xctest */,
			);
			name = Products;
			sourceTree = "<group>";
		};
		84D2BBBC2A7E0EAE00DB9E2A /* SwiftUIFirstProject */ = {
			isa = PBXGroup;
			children = (
				84D2BBBD2A7E0EAE00DB9E2A /* SwiftUIFirstProjectApp.swift */,
				84D2BBBF2A7E0EAE00DB9E2A /* ContentView.swift */,
				84D2BBC12A7E0EAF00DB9E2A /* Assets.xcassets */,
				84D2BBE72A7E112300DB9E2A /* CircleImageView.swift */,
				84D2BBEB2A7E12C100DB9E2A /* MapView.swift */,
				84D2BBC32A7E0EAF00DB9E2A /* Preview Content */,
			);
			path = SwiftUIFirstProject;
			sourceTree = "<group>";
		};
		84D2BBC32A7E0EAF00DB9E2A /* Preview Content */ = {
			isa = PBXGroup;
			children = (
				84D2BBC42A7E0EAF00DB9E2A /* Preview Assets.xcassets */,
			);
			path = "Preview Content";
			sourceTree = "<group>";
		};
		84D2BBCD2A7E0EAF00DB9E2A /* SwiftUIFirstProjectTests */ = {
			isa = PBXGroup;
			children = (
				84D2BBCE2A7E0EAF00DB9E2A /* SwiftUIFirstProjectTests.swift */,
			);
			path = SwiftUIFirstProjectTests;
			sourceTree = "<group>";
		};
		84D2BBD72A7E0EAF00DB9E2A /* SwiftUIFirstProjectUITests */ = {
			isa = PBXGroup;
			children = (
				84D2BBD82A7E0EAF00DB9E2A /* SwiftUIFirstProjectUITests.swift */,
				84D2BBDA2A7E0EAF00DB9E2A /* SwiftUIFirstProjectUITestsLaunchTests.swift */,
			);
			path = SwiftUIFirstProjectUITests;
			sourceTree = "<group>";
		};
/* End PBXGroup section */

/* Begin PBXNativeTarget section */
		84D2BBB92A7E0EAE00DB9E2A /* SwiftUIFirstProject */ = {
			isa = PBXNativeTarget;
			buildConfigurationList = 84D2BBDE2A7E0EAF00DB9E2A /* Build configuration list for PBXNativeTarget "SwiftUIFirstProject" */;
			buildPhases = (
				84D2BBB62A7E0EAE00DB9E2A /* Sources */,
				84D2BBB72A7E0EAE00DB9E2A /* Frameworks */,
				84D2BBB82A7E0EAE00DB9E2A /* Resources */,
			);
			buildRules = (
			);
			dependencies = (
			);
			name = SwiftUIFirstProject;
			productName = SwiftUIFirstProject;
			productReference = 84D2BBBA2A7E0EAE00DB9E2A /* SwiftUIFirstProject.app */;
			productType = "com.apple.product-type.application";
		};
		84D2BBC92A7E0EAF00DB9E2A /* SwiftUIFirstProjectTests */ = {
			isa = PBXNativeTarget;
			buildConfigurationList = 84D2BBE12A7E0EAF00DB9E2A /* Build configuration list for PBXNativeTarget "SwiftUIFirstProjectTests" */;
			buildPhases = (
				84D2BBC62A7E0EAF00DB9E2A /* Sources */,
				84D2BBC72A7E0EAF00DB9E2A /* Frameworks */,
				84D2BBC82A7E0EAF00DB9E2A /* Resources */,
			);
			buildRules = (
			);
			dependencies = (
				84D2BBCC2A7E0EAF00DB9E2A /* PBXTargetDependency */,
			);
			name = SwiftUIFirstProjectTests;
			productName = SwiftUIFirstProjectTests;
			productReference = 84D2BBCA2A7E0EAF00DB9E2A /* SwiftUIFirstProjectTests.xctest */;
			productType = "com.apple.product-type.bundle.unit-test";
		};
		84D2BBD32A7E0EAF00DB9E2A /* SwiftUIFirstProjectUITests */ = {
			isa = PBXNativeTarget;
			buildConfigurationList = 84D2BBE42A7E0EAF00DB9E2A /* Build configuration list for PBXNativeTarget "SwiftUIFirstProjectUITests" */;
			buildPhases = (
				84D2BBD02A7E0EAF00DB9E2A /* Sources */,
				84D2BBD12A7E0EAF00DB9E2A /* Frameworks */,
				84D2BBD22A7E0EAF00DB9E2A /* Resources */,
			);
			buildRules = (
			);
			dependencies = (
				84D2BBD62A7E0EAF00DB9E2A /* PBXTargetDependency */,
			);
			name = SwiftUIFirstProjectUITests;
			productName = SwiftUIFirstProjectUITests;
			productReference = 84D2BBD42A7E0EAF00DB9E2A /* SwiftUIFirstProjectUITests.xctest */;
			productType = "com.apple.product-type.bundle.ui-testing";
		};
/* End PBXNativeTarget section */

/* Begin PBXProject section */
		84D2BBB22A7E0EAE00DB9E2A /* Project object */ = {
			isa = PBXProject;
			attributes = {
				BuildIndependentTargetsInParallel = 1;
				LastSwiftUpdateCheck = 1430;
				LastUpgradeCheck = 1430;
				TargetAttributes = {
					84D2BBB92A7E0EAE00DB9E2A = {
						CreatedOnToolsVersion = 14.3;
					};
					84D2BBC92A7E0EAF00DB9E2A = {
						CreatedOnToolsVersion = 14.3;
						TestTargetID = 84D2BBB92A7E0EAE00DB9E2A;
					};
					84D2BBD32A7E0EAF00DB9E2A = {
						CreatedOnToolsVersion = 14.3;
						TestTargetID = 84D2BBB92A7E0EAE00DB9E2A;
					};
				};
			};
			buildConfigurationList = 84D2BBB52A7E0EAE00DB9E2A /* Build configuration list for PBXProject "SwiftUIFirstProject" */;
			compatibilityVersion = "Xcode 14.0";
			developmentRegion = en;
			hasScannedForEncodings = 0;
			knownRegions = (
				en,
				Base,
			);
			mainGroup = 84D2BBB12A7E0EAE00DB9E2A;
			productRefGroup = 84D2BBBB2A7E0EAE00DB9E2A /* Products */;
			projectDirPath = "";
			projectRoot = "";
			targets = (
				84D2BBB92A7E0EAE00DB9E2A /* SwiftUIFirstProject */,
				84D2BBC92A7E0EAF00DB9E2A /* SwiftUIFirstProjectTests */,
				84D2BBD32A7E0EAF00DB9E2A /* SwiftUIFirstProjectUITests */,
			);
		};
/* End PBXProject section */

/* Begin PBXResourcesBuildPhase section */
		84D2BBB82A7E0EAE00DB9E2A /* Resources */ = {
			isa = PBXResourcesBuildPhase;
			buildActionMask = 2147483647;
			files = (
				84D2BBC52A7E0EAF00DB9E2A /* Preview Assets.xcassets in Resources */,
				84D2BBC22A7E0EAF00DB9E2A /* Assets.xcassets in Resources */,
			);
			runOnlyForDeploymentPostprocessing = 0;
		};
		84D2BBC82A7E0EAF00DB9E2A /* Resources */ = {
			isa = PBXResourcesBuildPhase;
			buildActionMask = 2147483647;
			files = (
			);
			runOnlyForDeploymentPostprocessing = 0;
		};
		84D2BBD22A7E0EAF00DB9E2A /* Resources */ = {
			isa = PBXResourcesBuildPhase;
			buildActionMask = 2147483647;
			files = (
			);
			runOnlyForDeploymentPostprocessing = 0;
		};
/* End PBXResourcesBuildPhase section */

/* Begin PBXSourcesBuildPhase section */
		84D2BBB62A7E0EAE00DB9E2A /* Sources */ = {
			isa = PBXSourcesBuildPhase;
			buildActionMask = 2147483647;
			files = (
				84D2BBC02A7E0EAE00DB9E2A /* ContentView.swift in Sources */,
				84D2BBEC2A7E12C100DB9E2A /* MapView.swift in Sources */,
				84D2BBE82A7E112300DB9E2A /* CircleImageView.swift in Sources */,
				84D2BBBE2A7E0EAE00DB9E2A /* SwiftUIFirstProjectApp.swift in Sources */,
			);
			runOnlyForDeploymentPostprocessing = 0;
		};
		84D2BBC62A7E0EAF00DB9E2A /* Sources */ = {
			isa = PBXSourcesBuildPhase;
			buildActionMask = 2147483647;
			files = (
				84D2BBCF2A7E0EAF00DB9E2A /* SwiftUIFirstProjectTests.swift in Sources */,
			);
			runOnlyForDeploymentPostprocessing = 0;
		};
		84D2BBD02A7E0EAF00DB9E2A /* Sources */ = {
			isa = PBXSourcesBuildPhase;
			buildActionMask = 2147483647;
			files = (
				84D2BBD92A7E0EAF00DB9E2A /* SwiftUIFirstProjectUITests.swift in Sources */,
				84D2BBDB2A7E0EAF00DB9E2A /* SwiftUIFirstProjectUITestsLaunchTests.swift in Sources */,
			);
			runOnlyForDeploymentPostprocessing = 0;
		};
/* End PBXSourcesBuildPhase section */

/* Begin PBXTargetDependency section */
		84D2BBCC2A7E0EAF00DB9E2A /* PBXTargetDependency */ = {
			isa = PBXTargetDependency;
			target = 84D2BBB92A7E0EAE00DB9E2A /* SwiftUIFirstProject */;
			targetProxy = 84D2BBCB2A7E0EAF00DB9E2A /* PBXContainerItemProxy */;
		};
		84D2BBD62A7E0EAF00DB9E2A /* PBXTargetDependency */ = {
			isa = PBXTargetDependency;
			target = 84D2BBB92A7E0EAE00DB9E2A /* SwiftUIFirstProject */;
			targetProxy = 84D2BBD52A7E0EAF00DB9E2A /* PBXContainerItemProxy */;
		};
/* End PBXTargetDependency section */

/* Begin XCBuildConfiguration section */
		84D2BBDC2A7E0EAF00DB9E2A /* Debug */ = {
			isa = XCBuildConfiguration;
			buildSettings = {
				ALWAYS_SEARCH_USER_PATHS = NO;
				CLANG_ANALYZER_NONNULL = YES;
				CLANG_ANALYZER_NUMBER_OBJECT_CONVERSION = YES_AGGRESSIVE;
				CLANG_CXX_LANGUAGE_STANDARD = "gnu++20";
				CLANG_ENABLE_MODULES = YES;
				CLANG_ENABLE_OBJC_ARC = YES;
				CLANG_ENABLE_OBJC_WEAK = YES;
				CLANG_WARN_BLOCK_CAPTURE_AUTORELEASING = YES;
				CLANG_WARN_BOOL_CONVERSION = YES;
				CLANG_WARN_COMMA = YES;
				CLANG_WARN_CONSTANT_CONVERSION = YES;
				CLANG_WARN_DEPRECATED_OBJC_IMPLEMENTATIONS = YES;
				CLANG_WARN_DIRECT_OBJC_ISA_USAGE = YES_ERROR;
				CLANG_WARN_DOCUMENTATION_COMMENTS = YES;
				CLANG_WARN_EMPTY_BODY = YES;
				CLANG_WARN_ENUM_CONVERSION = YES;
				CLANG_WARN_INFINITE_RECURSION = YES;
				CLANG_WARN_INT_CONVERSION = YES;
				CLANG_WARN_NON_LITERAL_NULL_CONVERSION = YES;
				CLANG_WARN_OBJC_IMPLICIT_RETAIN_SELF = YES;
				CLANG_WARN_OBJC_LITERAL_CONVERSION = YES;
				CLANG_WARN_OBJC_ROOT_CLASS = YES_ERROR;
				CLANG_WARN_QUOTED_INCLUDE_IN_FRAMEWORK_HEADER = YES;
				CLANG_WARN_RANGE_LOOP_ANALYSIS = YES;
				CLANG_WARN_STRICT_PROTOTYPES = YES;
				CLANG_WARN_SUSPICIOUS_MOVE = YES;
				CLANG_WARN_UNGUARDED_AVAILABILITY = YES_AGGRESSIVE;
				CLANG_WARN_UNREACHABLE_CODE = YES;
				CLANG_WARN__DUPLICATE_METHOD_MATCH = YES;
				COPY_PHASE_STRIP = NO;
				DEBUG_INFORMATION_FORMAT = dwarf;
				ENABLE_STRICT_OBJC_MSGSEND = YES;
				ENABLE_TESTABILITY = YES;
				GCC_C_LANGUAGE_STANDARD = gnu11;
				GCC_DYNAMIC_NO_PIC = NO;
				GCC_NO_COMMON_BLOCKS = YES;
				GCC_OPTIMIZATION_LEVEL = 0;
				GCC_PREPROCESSOR_DEFINITIONS = (
					"DEBUG=1",
					"$(inherited)",
				);
				GCC_WARN_64_TO_32_BIT_CONVERSION = YES;
				GCC_WARN_ABOUT_RETURN_TYPE = YES_ERROR;
				GCC_WARN_UNDECLARED_SELECTOR = YES;
				GCC_WARN_UNINITIALIZED_AUTOS = YES_AGGRESSIVE;
				GCC_WARN_UNUSED_FUNCTION = YES;
				GCC_WARN_UNUSED_VARIABLE = YES;
				IPHONEOS_DEPLOYMENT_TARGET = 16.4;
				MTL_ENABLE_DEBUG_INFO = INCLUDE_SOURCE;
				MTL_FAST_MATH = YES;
				ONLY_ACTIVE_ARCH = YES;
				SDKROOT = iphoneos;
				SWIFT_ACTIVE_COMPILATION_CONDITIONS = DEBUG;
				SWIFT_OPTIMIZATION_LEVEL = "-Onone";
			};
			name = Debug;
		};
		84D2BBDD2A7E0EAF00DB9E2A /* Release */ = {
			isa = XCBuildConfiguration;
			buildSettings = {
				ALWAYS_SEARCH_USER_PATHS = NO;
				CLANG_ANALYZER_NONNULL = YES;
				CLANG_ANALYZER_NUMBER_OBJECT_CONVERSION = YES_AGGRESSIVE;
				CLANG_CXX_LANGUAGE_STANDARD = "gnu++20";
				CLANG_ENABLE_MODULES = YES;
				CLANG_ENABLE_OBJC_ARC = YES;
				CLANG_ENABLE_OBJC_WEAK = YES;
				CLANG_WARN_BLOCK_CAPTURE_AUTORELEASING = YES;
				CLANG_WARN_BOOL_CONVERSION = YES;
				CLANG_WARN_COMMA = YES;
				CLANG_WARN_CONSTANT_CONVERSION = YES;
				CLANG_WARN_DEPRECATED_OBJC_IMPLEMENTATIONS = YES;
				CLANG_WARN_DIRECT_OBJC_ISA_USAGE = YES_ERROR;
				CLANG_WARN_DOCUMENTATION_COMMENTS = YES;
				CLANG_WARN_EMPTY_BODY = YES;
				CLANG_WARN_ENUM_CONVERSION = YES;
				CLANG_WARN_INFINITE_RECURSION = YES;
				CLANG_WARN_INT_CONVERSION = YES;
				CLANG_WARN_NON_LITERAL_NULL_CONVERSION = YES;
				CLANG_WARN_OBJC_IMPLICIT_RETAIN_SELF = YES;
				CLANG_WARN_OBJC_LITERAL_CONVERSION = YES;
				CLANG_WARN_OBJC_ROOT_CLASS = YES_ERROR;
				CLANG_WARN_QUOTED_INCLUDE_IN_FRAMEWORK_HEADER = YES;
				CLANG_WARN_RANGE_LOOP_ANALYSIS = YES;
				CLANG_WARN_STRICT_PROTOTYPES = YES;
				CLANG_WARN_SUSPICIOUS_MOVE = YES;
				CLANG_WARN_UNGUARDED_AVAILABILITY = YES_AGGRESSIVE;
				CLANG_WARN_UNREACHABLE_CODE = YES;
				CLANG_WARN__DUPLICATE_METHOD_MATCH = YES;
				COPY_PHASE_STRIP = NO;
				DEBUG_INFORMATION_FORMAT = "dwarf-with-dsym";
				ENABLE_NS_ASSERTIONS = NO;
				ENABLE_STRICT_OBJC_MSGSEND = YES;
				GCC_C_LANGUAGE_STANDARD = gnu11;
				GCC_NO_COMMON_BLOCKS = YES;
				GCC_WARN_64_TO_32_BIT_CONVERSION = YES;
				GCC_WARN_ABOUT_RETURN_TYPE = YES_ERROR;
				GCC_WARN_UNDECLARED_SELECTOR = YES;
				GCC_WARN_UNINITIALIZED_AUTOS = YES_AGGRESSIVE;
				GCC_WARN_UNUSED_FUNCTION = YES;
				GCC_WARN_UNUSED_VARIABLE = YES;
				IPHONEOS_DEPLOYMENT_TARGET = 16.4;
				MTL_ENABLE_DEBUG_INFO = NO;
				MTL_FAST_MATH = YES;
				SDKROOT = iphoneos;
				SWIFT_COMPILATION_MODE = wholemodule;
				SWIFT_OPTIMIZATION_LEVEL = "-O";
				VALIDATE_PRODUCT = YES;
			};
			name = Release;
		};
		84D2BBDF2A7E0EAF00DB9E2A /* Debug */ = {
			isa = XCBuildConfiguration;
			buildSettings = {
				ASSETCATALOG_COMPILER_APPICON_NAME = AppIcon;
				ASSETCATALOG_COMPILER_GLOBAL_ACCENT_COLOR_NAME = AccentColor;
				CODE_SIGN_STYLE = Automatic;
				CURRENT_PROJECT_VERSION = 1;
				DEVELOPMENT_ASSET_PATHS = "\"SwiftUIFirstProject/Preview Content\"";
				DEVELOPMENT_TEAM = M527AM6YJ5;
				ENABLE_PREVIEWS = YES;
				GENERATE_INFOPLIST_FILE = YES;
				INFOPLIST_KEY_UIApplicationSceneManifest_Generation = YES;
				INFOPLIST_KEY_UIApplicationSupportsIndirectInputEvents = YES;
				INFOPLIST_KEY_UILaunchScreen_Generation = YES;
				INFOPLIST_KEY_UISupportedInterfaceOrientations_iPad = "UIInterfaceOrientationPortrait UIInterfaceOrientationPortraitUpsideDown UIInterfaceOrientationLandscapeLeft UIInterfaceOrientationLandscapeRight";
				INFOPLIST_KEY_UISupportedInterfaceOrientations_iPhone = "UIInterfaceOrientationPortrait UIInterfaceOrientationLandscapeLeft UIInterfaceOrientationLandscapeRight";
				LD_RUNPATH_SEARCH_PATHS = (
					"$(inherited)",
					"@executable_path/Frameworks",
				);
				MARKETING_VERSION = 1.0;
				PRODUCT_BUNDLE_IDENTIFIER = yeom.SwiftUIFirstProject;
				PRODUCT_NAME = "$(TARGET_NAME)";
				SWIFT_EMIT_LOC_STRINGS = YES;
				SWIFT_VERSION = 5.0;
				TARGETED_DEVICE_FAMILY = "1,2";
			};
			name = Debug;
		};
		84D2BBE02A7E0EAF00DB9E2A /* Release */ = {
			isa = XCBuildConfiguration;
			buildSettings = {
				ASSETCATALOG_COMPILER_APPICON_NAME = AppIcon;
				ASSETCATALOG_COMPILER_GLOBAL_ACCENT_COLOR_NAME = AccentColor;
				CODE_SIGN_STYLE = Automatic;
				CURRENT_PROJECT_VERSION = 1;
				DEVELOPMENT_ASSET_PATHS = "\"SwiftUIFirstProject/Preview Content\"";
				DEVELOPMENT_TEAM = M527AM6YJ5;
				ENABLE_PREVIEWS = YES;
				GENERATE_INFOPLIST_FILE = YES;
				INFOPLIST_KEY_UIApplicationSceneManifest_Generation = YES;
				INFOPLIST_KEY_UIApplicationSupportsIndirectInputEvents = YES;
				INFOPLIST_KEY_UILaunchScreen_Generation = YES;
				INFOPLIST_KEY_UISupportedInterfaceOrientations_iPad = "UIInterfaceOrientationPortrait UIInterfaceOrientationPortraitUpsideDown UIInterfaceOrientationLandscapeLeft UIInterfaceOrientationLandscapeRight";
				INFOPLIST_KEY_UISupportedInterfaceOrientations_iPhone = "UIInterfaceOrientationPortrait UIInterfaceOrientationLandscapeLeft UIInterfaceOrientationLandscapeRight";
				LD_RUNPATH_SEARCH_PATHS = (
					"$(inherited)",
					"@executable_path/Frameworks",
				);
				MARKETING_VERSION = 1.0;
				PRODUCT_BUNDLE_IDENTIFIER = yeom.SwiftUIFirstProject;
				PRODUCT_NAME = "$(TARGET_NAME)";
				SWIFT_EMIT_LOC_STRINGS = YES;
				SWIFT_VERSION = 5.0;
				TARGETED_DEVICE_FAMILY = "1,2";
			};
			name = Release;
		};
		84D2BBE22A7E0EAF00DB9E2A /* Debug */ = {
			isa = XCBuildConfiguration;
			buildSettings = {
				ALWAYS_EMBED_SWIFT_STANDARD_LIBRARIES = YES;
				BUNDLE_LOADER = "$(TEST_HOST)";
				CODE_SIGN_STYLE = Automatic;
				CURRENT_PROJECT_VERSION = 1;
				DEVELOPMENT_TEAM = M527AM6YJ5;
				GENERATE_INFOPLIST_FILE = YES;
				IPHONEOS_DEPLOYMENT_TARGET = 16.4;
				MARKETING_VERSION = 1.0;
				PRODUCT_BUNDLE_IDENTIFIER = yeom.SwiftUIFirstProjectTests;
				PRODUCT_NAME = "$(TARGET_NAME)";
				SWIFT_EMIT_LOC_STRINGS = NO;
				SWIFT_VERSION = 5.0;
				TARGETED_DEVICE_FAMILY = "1,2";
				TEST_HOST = "$(BUILT_PRODUCTS_DIR)/SwiftUIFirstProject.app/$(BUNDLE_EXECUTABLE_FOLDER_PATH)/SwiftUIFirstProject";
			};
			name = Debug;
		};
		84D2BBE32A7E0EAF00DB9E2A /* Release */ = {
			isa = XCBuildConfiguration;
			buildSettings = {
				ALWAYS_EMBED_SWIFT_STANDARD_LIBRARIES = YES;
				BUNDLE_LOADER = "$(TEST_HOST)";
				CODE_SIGN_STYLE = Automatic;
				CURRENT_PROJECT_VERSION = 1;
				DEVELOPMENT_TEAM = M527AM6YJ5;
				GENERATE_INFOPLIST_FILE = YES;
				IPHONEOS_DEPLOYMENT_TARGET = 16.4;
				MARKETING_VERSION = 1.0;
				PRODUCT_BUNDLE_IDENTIFIER = yeom.SwiftUIFirstProjectTests;
				PRODUCT_NAME = "$(TARGET_NAME)";
				SWIFT_EMIT_LOC_STRINGS = NO;
				SWIFT_VERSION = 5.0;
				TARGETED_DEVICE_FAMILY = "1,2";
				TEST_HOST = "$(BUILT_PRODUCTS_DIR)/SwiftUIFirstProject.app/$(BUNDLE_EXECUTABLE_FOLDER_PATH)/SwiftUIFirstProject";
			};
			name = Release;
		};
		84D2BBE52A7E0EAF00DB9E2A /* Debug */ = {
			isa = XCBuildConfiguration;
			buildSettings = {
				ALWAYS_EMBED_SWIFT_STANDARD_LIBRARIES = YES;
				CODE_SIGN_STYLE = Automatic;
				CURRENT_PROJECT_VERSION = 1;
				DEVELOPMENT_TEAM = M527AM6YJ5;
				GENERATE_INFOPLIST_FILE = YES;
				MARKETING_VERSION = 1.0;
				PRODUCT_BUNDLE_IDENTIFIER = yeom.SwiftUIFirstProjectUITests;
				PRODUCT_NAME = "$(TARGET_NAME)";
				SWIFT_EMIT_LOC_STRINGS = NO;
				SWIFT_VERSION = 5.0;
				TARGETED_DEVICE_FAMILY = "1,2";
				TEST_TARGET_NAME = SwiftUIFirstProject;
			};
			name = Debug;
		};
		84D2BBE62A7E0EAF00DB9E2A /* Release */ = {
			isa = XCBuildConfiguration;
			buildSettings = {
				ALWAYS_EMBED_SWIFT_STANDARD_LIBRARIES = YES;
				CODE_SIGN_STYLE = Automatic;
				CURRENT_PROJECT_VERSION = 1;
				DEVELOPMENT_TEAM = M527AM6YJ5;
				GENERATE_INFOPLIST_FILE = YES;
				MARKETING_VERSION = 1.0;
				PRODUCT_BUNDLE_IDENTIFIER = yeom.SwiftUIFirstProjectUITests;
				PRODUCT_NAME = "$(TARGET_NAME)";
				SWIFT_EMIT_LOC_STRINGS = NO;
				SWIFT_VERSION = 5.0;
				TARGETED_DEVICE_FAMILY = "1,2";
				TEST_TARGET_NAME = SwiftUIFirstProject;
			};
			name = Release;
		};
/* End XCBuildConfiguration section */

/* Begin XCConfigurationList section */
		84D2BBB52A7E0EAE00DB9E2A /* Build configuration list for PBXProject "SwiftUIFirstProject" */ = {
			isa = XCConfigurationList;
			buildConfigurations = (
				84D2BBDC2A7E0EAF00DB9E2A /* Debug */,
				84D2BBDD2A7E0EAF00DB9E2A /* Release */,
			);
			defaultConfigurationIsVisible = 0;
			defaultConfigurationName = Release;
		};
		84D2BBDE2A7E0EAF00DB9E2A /* Build configuration list for PBXNativeTarget "SwiftUIFirstProject" */ = {
			isa = XCConfigurationList;
			buildConfigurations = (
				84D2BBDF2A7E0EAF00DB9E2A /* Debug */,
				84D2BBE02A7E0EAF00DB9E2A /* Release */,
			);
			defaultConfigurationIsVisible = 0;
			defaultConfigurationName = Release;
		};
		84D2BBE12A7E0EAF00DB9E2A /* Build configuration list for PBXNativeTarget "SwiftUIFirstProjectTests" */ = {
			isa = XCConfigurationList;
			buildConfigurations = (
				84D2BBE22A7E0EAF00DB9E2A /* Debug */,
				84D2BBE32A7E0EAF00DB9E2A /* Release */,
			);
			defaultConfigurationIsVisible = 0;
			defaultConfigurationName = Release;
		};
		84D2BBE42A7E0EAF00DB9E2A /* Build configuration list for PBXNativeTarget "SwiftUIFirstProjectUITests" */ = {
			isa = XCConfigurationList;
			buildConfigurations = (
				84D2BBE52A7E0EAF00DB9E2A /* Debug */,
				84D2BBE62A7E0EAF00DB9E2A /* Release */,
			);
			defaultConfigurationIsVisible = 0;
			defaultConfigurationName = Release;
		};
/* End XCConfigurationList section */
	};
	rootObject = 84D2BBB22A7E0EAE00DB9E2A /* Project object */;
}
