// !$*UTF8*$!
{
	archiveVersion = 1;
	classes = {
	};
	objectVersion = 56;
	objects = {

/* Begin PBXBuildFile section */
		565D72EC2A7E0F9000912E81 /* SwiftTutorialApp.swift in Sources */ = {isa = PBXBuildFile; fileRef = 565D72EB2A7E0F9000912E81 /* SwiftTutorialApp.swift */; };
		565D72EE2A7E0F9000912E81 /* ContentView.swift in Sources */ = {isa = PBXBuildFile; fileRef = 565D72ED2A7E0F9000912E81 /* ContentView.swift */; };
		565D72F02A7E0F9100912E81 /* Assets.xcassets in Resources */ = {isa = PBXBuildFile; fileRef = 565D72EF2A7E0F9100912E81 /* Assets.xcassets */; };
		565D72F32A7E0F9100912E81 /* Preview Assets.xcassets in Resources */ = {isa = PBXBuildFile; fileRef = 565D72F22A7E0F9100912E81 /* Preview Assets.xcassets */; };
		565D72FD2A7E0F9100912E81 /* SwiftTutorialTests.swift in Sources */ = {isa = PBXBuildFile; fileRef = 565D72FC2A7E0F9100912E81 /* SwiftTutorialTests.swift */; };
		565D73072A7E0F9100912E81 /* SwiftTutorialUITests.swift in Sources */ = {isa = PBXBuildFile; fileRef = 565D73062A7E0F9100912E81 /* SwiftTutorialUITests.swift */; };
		565D73092A7E0F9100912E81 /* SwiftTutorialUITestsLaunchTests.swift in Sources */ = {isa = PBXBuildFile; fileRef = 565D73082A7E0F9100912E81 /* SwiftTutorialUITestsLaunchTests.swift */; };
		565D73162A7E104700912E81 /* MapKitView.swift in Sources */ = {isa = PBXBuildFile; fileRef = 565D73152A7E104700912E81 /* MapKitView.swift */; };
		565D73182A7E13C200912E81 /* CircleImage.swift in Sources */ = {isa = PBXBuildFile; fileRef = 565D73172A7E13C200912E81 /* CircleImage.swift */; };
/* End PBXBuildFile section */

/* Begin PBXContainerItemProxy section */
		565D72F92A7E0F9100912E81 /* PBXContainerItemProxy */ = {
			isa = PBXContainerItemProxy;
			containerPortal = 565D72E02A7E0F9000912E81 /* Project object */;
			proxyType = 1;
			remoteGlobalIDString = 565D72E72A7E0F9000912E81;
			remoteInfo = SwiftTutorial;
		};
		565D73032A7E0F9100912E81 /* PBXContainerItemProxy */ = {
			isa = PBXContainerItemProxy;
			containerPortal = 565D72E02A7E0F9000912E81 /* Project object */;
			proxyType = 1;
			remoteGlobalIDString = 565D72E72A7E0F9000912E81;
			remoteInfo = SwiftTutorial;
		};
/* End PBXContainerItemProxy section */

/* Begin PBXFileReference section */
		565D72E82A7E0F9000912E81 /* SwiftTutorial.app */ = {isa = PBXFileReference; explicitFileType = wrapper.application; includeInIndex = 0; path = SwiftTutorial.app; sourceTree = BUILT_PRODUCTS_DIR; };
		565D72EB2A7E0F9000912E81 /* SwiftTutorialApp.swift */ = {isa = PBXFileReference; lastKnownFileType = sourcecode.swift; path = SwiftTutorialApp.swift; sourceTree = "<group>"; };
		565D72ED2A7E0F9000912E81 /* ContentView.swift */ = {isa = PBXFileReference; lastKnownFileType = sourcecode.swift; path = ContentView.swift; sourceTree = "<group>"; };
		565D72EF2A7E0F9100912E81 /* Assets.xcassets */ = {isa = PBXFileReference; lastKnownFileType = folder.assetcatalog; path = Assets.xcassets; sourceTree = "<group>"; };
		565D72F22A7E0F9100912E81 /* Preview Assets.xcassets */ = {isa = PBXFileReference; lastKnownFileType = folder.assetcatalog; path = "Preview Assets.xcassets"; sourceTree = "<group>"; };
		565D72F82A7E0F9100912E81 /* SwiftTutorialTests.xctest */ = {isa = PBXFileReference; explicitFileType = wrapper.cfbundle; includeInIndex = 0; path = SwiftTutorialTests.xctest; sourceTree = BUILT_PRODUCTS_DIR; };
		565D72FC2A7E0F9100912E81 /* SwiftTutorialTests.swift */ = {isa = PBXFileReference; lastKnownFileType = sourcecode.swift; path = SwiftTutorialTests.swift; sourceTree = "<group>"; };
		565D73022A7E0F9100912E81 /* SwiftTutorialUITests.xctest */ = {isa = PBXFileReference; explicitFileType = wrapper.cfbundle; includeInIndex = 0; path = SwiftTutorialUITests.xctest; sourceTree = BUILT_PRODUCTS_DIR; };
		565D73062A7E0F9100912E81 /* SwiftTutorialUITests.swift */ = {isa = PBXFileReference; lastKnownFileType = sourcecode.swift; path = SwiftTutorialUITests.swift; sourceTree = "<group>"; };
		565D73082A7E0F9100912E81 /* SwiftTutorialUITestsLaunchTests.swift */ = {isa = PBXFileReference; lastKnownFileType = sourcecode.swift; path = SwiftTutorialUITestsLaunchTests.swift; sourceTree = "<group>"; };
		565D73152A7E104700912E81 /* MapKitView.swift */ = {isa = PBXFileReference; lastKnownFileType = sourcecode.swift; path = MapKitView.swift; sourceTree = "<group>"; };
		565D73172A7E13C200912E81 /* CircleImage.swift */ = {isa = PBXFileReference; lastKnownFileType = sourcecode.swift; path = CircleImage.swift; sourceTree = "<group>"; };
/* End PBXFileReference section */

/* Begin PBXFrameworksBuildPhase section */
		565D72E52A7E0F9000912E81 /* Frameworks */ = {
			isa = PBXFrameworksBuildPhase;
			buildActionMask = 2147483647;
			files = (
			);
			runOnlyForDeploymentPostprocessing = 0;
		};
		565D72F52A7E0F9100912E81 /* Frameworks */ = {
			isa = PBXFrameworksBuildPhase;
			buildActionMask = 2147483647;
			files = (
			);
			runOnlyForDeploymentPostprocessing = 0;
		};
		565D72FF2A7E0F9100912E81 /* Frameworks */ = {
			isa = PBXFrameworksBuildPhase;
			buildActionMask = 2147483647;
			files = (
			);
			runOnlyForDeploymentPostprocessing = 0;
		};
/* End PBXFrameworksBuildPhase section */

/* Begin PBXGroup section */
		565D72DF2A7E0F9000912E81 = {
			isa = PBXGroup;
			children = (
				565D72EA2A7E0F9000912E81 /* SwiftTutorial */,
				565D72FB2A7E0F9100912E81 /* SwiftTutorialTests */,
				565D73052A7E0F9100912E81 /* SwiftTutorialUITests */,
				565D72E92A7E0F9000912E81 /* Products */,
			);
			sourceTree = "<group>";
		};
		565D72E92A7E0F9000912E81 /* Products */ = {
			isa = PBXGroup;
			children = (
				565D72E82A7E0F9000912E81 /* SwiftTutorial.app */,
				565D72F82A7E0F9100912E81 /* SwiftTutorialTests.xctest */,
				565D73022A7E0F9100912E81 /* SwiftTutorialUITests.xctest */,
			);
			name = Products;
			sourceTree = "<group>";
		};
		565D72EA2A7E0F9000912E81 /* SwiftTutorial */ = {
			isa = PBXGroup;
			children = (
				565D72EB2A7E0F9000912E81 /* SwiftTutorialApp.swift */,
				565D72ED2A7E0F9000912E81 /* ContentView.swift */,
				565D73152A7E104700912E81 /* MapKitView.swift */,
				565D72EF2A7E0F9100912E81 /* Assets.xcassets */,
				565D72F12A7E0F9100912E81 /* Preview Content */,
				565D73172A7E13C200912E81 /* CircleImage.swift */,
			);
			path = SwiftTutorial;
			sourceTree = "<group>";
		};
		565D72F12A7E0F9100912E81 /* Preview Content */ = {
			isa = PBXGroup;
			children = (
				565D72F22A7E0F9100912E81 /* Preview Assets.xcassets */,
			);
			path = "Preview Content";
			sourceTree = "<group>";
		};
		565D72FB2A7E0F9100912E81 /* SwiftTutorialTests */ = {
			isa = PBXGroup;
			children = (
				565D72FC2A7E0F9100912E81 /* SwiftTutorialTests.swift */,
			);
			path = SwiftTutorialTests;
			sourceTree = "<group>";
		};
		565D73052A7E0F9100912E81 /* SwiftTutorialUITests */ = {
			isa = PBXGroup;
			children = (
				565D73062A7E0F9100912E81 /* SwiftTutorialUITests.swift */,
				565D73082A7E0F9100912E81 /* SwiftTutorialUITestsLaunchTests.swift */,
			);
			path = SwiftTutorialUITests;
			sourceTree = "<group>";
		};
/* End PBXGroup section */

/* Begin PBXNativeTarget section */
		565D72E72A7E0F9000912E81 /* SwiftTutorial */ = {
			isa = PBXNativeTarget;
			buildConfigurationList = 565D730C2A7E0F9100912E81 /* Build configuration list for PBXNativeTarget "SwiftTutorial" */;
			buildPhases = (
				565D72E42A7E0F9000912E81 /* Sources */,
				565D72E52A7E0F9000912E81 /* Frameworks */,
				565D72E62A7E0F9000912E81 /* Resources */,
			);
			buildRules = (
			);
			dependencies = (
			);
			name = SwiftTutorial;
			productName = SwiftTutorial;
			productReference = 565D72E82A7E0F9000912E81 /* SwiftTutorial.app */;
			productType = "com.apple.product-type.application";
		};
		565D72F72A7E0F9100912E81 /* SwiftTutorialTests */ = {
			isa = PBXNativeTarget;
			buildConfigurationList = 565D730F2A7E0F9100912E81 /* Build configuration list for PBXNativeTarget "SwiftTutorialTests" */;
			buildPhases = (
				565D72F42A7E0F9100912E81 /* Sources */,
				565D72F52A7E0F9100912E81 /* Frameworks */,
				565D72F62A7E0F9100912E81 /* Resources */,
			);
			buildRules = (
			);
			dependencies = (
				565D72FA2A7E0F9100912E81 /* PBXTargetDependency */,
			);
			name = SwiftTutorialTests;
			productName = SwiftTutorialTests;
			productReference = 565D72F82A7E0F9100912E81 /* SwiftTutorialTests.xctest */;
			productType = "com.apple.product-type.bundle.unit-test";
		};
		565D73012A7E0F9100912E81 /* SwiftTutorialUITests */ = {
			isa = PBXNativeTarget;
			buildConfigurationList = 565D73122A7E0F9100912E81 /* Build configuration list for PBXNativeTarget "SwiftTutorialUITests" */;
			buildPhases = (
				565D72FE2A7E0F9100912E81 /* Sources */,
				565D72FF2A7E0F9100912E81 /* Frameworks */,
				565D73002A7E0F9100912E81 /* Resources */,
			);
			buildRules = (
			);
			dependencies = (
				565D73042A7E0F9100912E81 /* PBXTargetDependency */,
			);
			name = SwiftTutorialUITests;
			productName = SwiftTutorialUITests;
			productReference = 565D73022A7E0F9100912E81 /* SwiftTutorialUITests.xctest */;
			productType = "com.apple.product-type.bundle.ui-testing";
		};
/* End PBXNativeTarget section */

/* Begin PBXProject section */
		565D72E02A7E0F9000912E81 /* Project object */ = {
			isa = PBXProject;
			attributes = {
				BuildIndependentTargetsInParallel = 1;
				LastSwiftUpdateCheck = 1430;
				LastUpgradeCheck = 1430;
				TargetAttributes = {
					565D72E72A7E0F9000912E81 = {
						CreatedOnToolsVersion = 14.3;
					};
					565D72F72A7E0F9100912E81 = {
						CreatedOnToolsVersion = 14.3;
						TestTargetID = 565D72E72A7E0F9000912E81;
					};
					565D73012A7E0F9100912E81 = {
						CreatedOnToolsVersion = 14.3;
						TestTargetID = 565D72E72A7E0F9000912E81;
					};
				};
			};
			buildConfigurationList = 565D72E32A7E0F9000912E81 /* Build configuration list for PBXProject "SwiftTutorial" */;
			compatibilityVersion = "Xcode 14.0";
			developmentRegion = en;
			hasScannedForEncodings = 0;
			knownRegions = (
				en,
				Base,
			);
			mainGroup = 565D72DF2A7E0F9000912E81;
			productRefGroup = 565D72E92A7E0F9000912E81 /* Products */;
			projectDirPath = "";
			projectRoot = "";
			targets = (
				565D72E72A7E0F9000912E81 /* SwiftTutorial */,
				565D72F72A7E0F9100912E81 /* SwiftTutorialTests */,
				565D73012A7E0F9100912E81 /* SwiftTutorialUITests */,
			);
		};
/* End PBXProject section */

/* Begin PBXResourcesBuildPhase section */
		565D72E62A7E0F9000912E81 /* Resources */ = {
			isa = PBXResourcesBuildPhase;
			buildActionMask = 2147483647;
			files = (
				565D72F32A7E0F9100912E81 /* Preview Assets.xcassets in Resources */,
				565D72F02A7E0F9100912E81 /* Assets.xcassets in Resources */,
			);
			runOnlyForDeploymentPostprocessing = 0;
		};
		565D72F62A7E0F9100912E81 /* Resources */ = {
			isa = PBXResourcesBuildPhase;
			buildActionMask = 2147483647;
			files = (
			);
			runOnlyForDeploymentPostprocessing = 0;
		};
		565D73002A7E0F9100912E81 /* Resources */ = {
			isa = PBXResourcesBuildPhase;
			buildActionMask = 2147483647;
			files = (
			);
			runOnlyForDeploymentPostprocessing = 0;
		};
/* End PBXResourcesBuildPhase section */

/* Begin PBXSourcesBuildPhase section */
		565D72E42A7E0F9000912E81 /* Sources */ = {
			isa = PBXSourcesBuildPhase;
			buildActionMask = 2147483647;
			files = (
				565D73162A7E104700912E81 /* MapKitView.swift in Sources */,
				565D73182A7E13C200912E81 /* CircleImage.swift in Sources */,
				565D72EE2A7E0F9000912E81 /* ContentView.swift in Sources */,
				565D72EC2A7E0F9000912E81 /* SwiftTutorialApp.swift in Sources */,
			);
			runOnlyForDeploymentPostprocessing = 0;
		};
		565D72F42A7E0F9100912E81 /* Sources */ = {
			isa = PBXSourcesBuildPhase;
			buildActionMask = 2147483647;
			files = (
				565D72FD2A7E0F9100912E81 /* SwiftTutorialTests.swift in Sources */,
			);
			runOnlyForDeploymentPostprocessing = 0;
		};
		565D72FE2A7E0F9100912E81 /* Sources */ = {
			isa = PBXSourcesBuildPhase;
			buildActionMask = 2147483647;
			files = (
				565D73092A7E0F9100912E81 /* SwiftTutorialUITestsLaunchTests.swift in Sources */,
				565D73072A7E0F9100912E81 /* SwiftTutorialUITests.swift in Sources */,
			);
			runOnlyForDeploymentPostprocessing = 0;
		};
/* End PBXSourcesBuildPhase section */

/* Begin PBXTargetDependency section */
		565D72FA2A7E0F9100912E81 /* PBXTargetDependency */ = {
			isa = PBXTargetDependency;
			target = 565D72E72A7E0F9000912E81 /* SwiftTutorial */;
			targetProxy = 565D72F92A7E0F9100912E81 /* PBXContainerItemProxy */;
		};
		565D73042A7E0F9100912E81 /* PBXTargetDependency */ = {
			isa = PBXTargetDependency;
			target = 565D72E72A7E0F9000912E81 /* SwiftTutorial */;
			targetProxy = 565D73032A7E0F9100912E81 /* PBXContainerItemProxy */;
		};
/* End PBXTargetDependency section */

/* Begin XCBuildConfiguration section */
		565D730A2A7E0F9100912E81 /* Debug */ = {
			isa = XCBuildConfiguration;
			buildSettings = {
				ALWAYS_SEARCH_USER_PATHS = NO;
				CLANG_ANALYZER_NONNULL = YES;
				CLANG_ANALYZER_NUMBER_OBJECT_CONVERSION = YES_AGGRESSIVE;
				CLANG_CXX_LANGUAGE_STANDARD = "gnu++20";
				CLANG_ENABLE_MODULES = YES;
				CLANG_ENABLE_OBJC_ARC = YES;
				CLANG_ENABLE_OBJC_WEAK = YES;
				CLANG_WARN_BLOCK_CAPTURE_AUTORELEASING = YES;
				CLANG_WARN_BOOL_CONVERSION = YES;
				CLANG_WARN_COMMA = YES;
				CLANG_WARN_CONSTANT_CONVERSION = YES;
				CLANG_WARN_DEPRECATED_OBJC_IMPLEMENTATIONS = YES;
				CLANG_WARN_DIRECT_OBJC_ISA_USAGE = YES_ERROR;
				CLANG_WARN_DOCUMENTATION_COMMENTS = YES;
				CLANG_WARN_EMPTY_BODY = YES;
				CLANG_WARN_ENUM_CONVERSION = YES;
				CLANG_WARN_INFINITE_RECURSION = YES;
				CLANG_WARN_INT_CONVERSION = YES;
				CLANG_WARN_NON_LITERAL_NULL_CONVERSION = YES;
				CLANG_WARN_OBJC_IMPLICIT_RETAIN_SELF = YES;
				CLANG_WARN_OBJC_LITERAL_CONVERSION = YES;
				CLANG_WARN_OBJC_ROOT_CLASS = YES_ERROR;
				CLANG_WARN_QUOTED_INCLUDE_IN_FRAMEWORK_HEADER = YES;
				CLANG_WARN_RANGE_LOOP_ANALYSIS = YES;
				CLANG_WARN_STRICT_PROTOTYPES = YES;
				CLANG_WARN_SUSPICIOUS_MOVE = YES;
				CLANG_WARN_UNGUARDED_AVAILABILITY = YES_AGGRESSIVE;
				CLANG_WARN_UNREACHABLE_CODE = YES;
				CLANG_WARN__DUPLICATE_METHOD_MATCH = YES;
				COPY_PHASE_STRIP = NO;
				DEBUG_INFORMATION_FORMAT = dwarf;
				ENABLE_STRICT_OBJC_MSGSEND = YES;
				ENABLE_TESTABILITY = YES;
				GCC_C_LANGUAGE_STANDARD = gnu11;
				GCC_DYNAMIC_NO_PIC = NO;
				GCC_NO_COMMON_BLOCKS = YES;
				GCC_OPTIMIZATION_LEVEL = 0;
				GCC_PREPROCESSOR_DEFINITIONS = (
					"DEBUG=1",
					"$(inherited)",
				);
				GCC_WARN_64_TO_32_BIT_CONVERSION = YES;
				GCC_WARN_ABOUT_RETURN_TYPE = YES_ERROR;
				GCC_WARN_UNDECLARED_SELECTOR = YES;
				GCC_WARN_UNINITIALIZED_AUTOS = YES_AGGRESSIVE;
				GCC_WARN_UNUSED_FUNCTION = YES;
				GCC_WARN_UNUSED_VARIABLE = YES;
				IPHONEOS_DEPLOYMENT_TARGET = 16.4;
				MTL_ENABLE_DEBUG_INFO = INCLUDE_SOURCE;
				MTL_FAST_MATH = YES;
				ONLY_ACTIVE_ARCH = YES;
				SDKROOT = iphoneos;
				SWIFT_ACTIVE_COMPILATION_CONDITIONS = DEBUG;
				SWIFT_OPTIMIZATION_LEVEL = "-Onone";
			};
			name = Debug;
		};
		565D730B2A7E0F9100912E81 /* Release */ = {
			isa = XCBuildConfiguration;
			buildSettings = {
				ALWAYS_SEARCH_USER_PATHS = NO;
				CLANG_ANALYZER_NONNULL = YES;
				CLANG_ANALYZER_NUMBER_OBJECT_CONVERSION = YES_AGGRESSIVE;
				CLANG_CXX_LANGUAGE_STANDARD = "gnu++20";
				CLANG_ENABLE_MODULES = YES;
				CLANG_ENABLE_OBJC_ARC = YES;
				CLANG_ENABLE_OBJC_WEAK = YES;
				CLANG_WARN_BLOCK_CAPTURE_AUTORELEASING = YES;
				CLANG_WARN_BOOL_CONVERSION = YES;
				CLANG_WARN_COMMA = YES;
				CLANG_WARN_CONSTANT_CONVERSION = YES;
				CLANG_WARN_DEPRECATED_OBJC_IMPLEMENTATIONS = YES;
				CLANG_WARN_DIRECT_OBJC_ISA_USAGE = YES_ERROR;
				CLANG_WARN_DOCUMENTATION_COMMENTS = YES;
				CLANG_WARN_EMPTY_BODY = YES;
				CLANG_WARN_ENUM_CONVERSION = YES;
				CLANG_WARN_INFINITE_RECURSION = YES;
				CLANG_WARN_INT_CONVERSION = YES;
				CLANG_WARN_NON_LITERAL_NULL_CONVERSION = YES;
				CLANG_WARN_OBJC_IMPLICIT_RETAIN_SELF = YES;
				CLANG_WARN_OBJC_LITERAL_CONVERSION = YES;
				CLANG_WARN_OBJC_ROOT_CLASS = YES_ERROR;
				CLANG_WARN_QUOTED_INCLUDE_IN_FRAMEWORK_HEADER = YES;
				CLANG_WARN_RANGE_LOOP_ANALYSIS = YES;
				CLANG_WARN_STRICT_PROTOTYPES = YES;
				CLANG_WARN_SUSPICIOUS_MOVE = YES;
				CLANG_WARN_UNGUARDED_AVAILABILITY = YES_AGGRESSIVE;
				CLANG_WARN_UNREACHABLE_CODE = YES;
				CLANG_WARN__DUPLICATE_METHOD_MATCH = YES;
				COPY_PHASE_STRIP = NO;
				DEBUG_INFORMATION_FORMAT = "dwarf-with-dsym";
				ENABLE_NS_ASSERTIONS = NO;
				ENABLE_STRICT_OBJC_MSGSEND = YES;
				GCC_C_LANGUAGE_STANDARD = gnu11;
				GCC_NO_COMMON_BLOCKS = YES;
				GCC_WARN_64_TO_32_BIT_CONVERSION = YES;
				GCC_WARN_ABOUT_RETURN_TYPE = YES_ERROR;
				GCC_WARN_UNDECLARED_SELECTOR = YES;
				GCC_WARN_UNINITIALIZED_AUTOS = YES_AGGRESSIVE;
				GCC_WARN_UNUSED_FUNCTION = YES;
				GCC_WARN_UNUSED_VARIABLE = YES;
				IPHONEOS_DEPLOYMENT_TARGET = 16.4;
				MTL_ENABLE_DEBUG_INFO = NO;
				MTL_FAST_MATH = YES;
				SDKROOT = iphoneos;
				SWIFT_COMPILATION_MODE = wholemodule;
				SWIFT_OPTIMIZATION_LEVEL = "-O";
				VALIDATE_PRODUCT = YES;
			};
			name = Release;
		};
		565D730D2A7E0F9100912E81 /* Debug */ = {
			isa = XCBuildConfiguration;
			buildSettings = {
				ASSETCATALOG_COMPILER_APPICON_NAME = AppIcon;
				ASSETCATALOG_COMPILER_GLOBAL_ACCENT_COLOR_NAME = AccentColor;
				CODE_SIGN_STYLE = Automatic;
				CURRENT_PROJECT_VERSION = 1;
				DEVELOPMENT_ASSET_PATHS = "\"SwiftTutorial/Preview Content\"";
				DEVELOPMENT_TEAM = 3KZP62644C;
				ENABLE_PREVIEWS = YES;
				GENERATE_INFOPLIST_FILE = YES;
				INFOPLIST_KEY_UIApplicationSceneManifest_Generation = YES;
				INFOPLIST_KEY_UIApplicationSupportsIndirectInputEvents = YES;
				INFOPLIST_KEY_UILaunchScreen_Generation = YES;
				INFOPLIST_KEY_UISupportedInterfaceOrientations_iPad = "UIInterfaceOrientationPortrait UIInterfaceOrientationPortraitUpsideDown UIInterfaceOrientationLandscapeLeft UIInterfaceOrientationLandscapeRight";
				INFOPLIST_KEY_UISupportedInterfaceOrientations_iPhone = "UIInterfaceOrientationPortrait UIInterfaceOrientationLandscapeLeft UIInterfaceOrientationLandscapeRight";
				LD_RUNPATH_SEARCH_PATHS = (
					"$(inherited)",
					"@executable_path/Frameworks",
				);
				MARKETING_VERSION = 1.0;
				PRODUCT_BUNDLE_IDENTIFIER = com.minny27.SwiftTutorial;
				PRODUCT_NAME = "$(TARGET_NAME)";
				SWIFT_EMIT_LOC_STRINGS = YES;
				SWIFT_VERSION = 5.0;
				TARGETED_DEVICE_FAMILY = "1,2";
			};
			name = Debug;
		};
		565D730E2A7E0F9100912E81 /* Release */ = {
			isa = XCBuildConfiguration;
			buildSettings = {
				ASSETCATALOG_COMPILER_APPICON_NAME = AppIcon;
				ASSETCATALOG_COMPILER_GLOBAL_ACCENT_COLOR_NAME = AccentColor;
				CODE_SIGN_STYLE = Automatic;
				CURRENT_PROJECT_VERSION = 1;
				DEVELOPMENT_ASSET_PATHS = "\"SwiftTutorial/Preview Content\"";
				DEVELOPMENT_TEAM = 3KZP62644C;
				ENABLE_PREVIEWS = YES;
				GENERATE_INFOPLIST_FILE = YES;
				INFOPLIST_KEY_UIApplicationSceneManifest_Generation = YES;
				INFOPLIST_KEY_UIApplicationSupportsIndirectInputEvents = YES;
				INFOPLIST_KEY_UILaunchScreen_Generation = YES;
				INFOPLIST_KEY_UISupportedInterfaceOrientations_iPad = "UIInterfaceOrientationPortrait UIInterfaceOrientationPortraitUpsideDown UIInterfaceOrientationLandscapeLeft UIInterfaceOrientationLandscapeRight";
				INFOPLIST_KEY_UISupportedInterfaceOrientations_iPhone = "UIInterfaceOrientationPortrait UIInterfaceOrientationLandscapeLeft UIInterfaceOrientationLandscapeRight";
				LD_RUNPATH_SEARCH_PATHS = (
					"$(inherited)",
					"@executable_path/Frameworks",
				);
				MARKETING_VERSION = 1.0;
				PRODUCT_BUNDLE_IDENTIFIER = com.minny27.SwiftTutorial;
				PRODUCT_NAME = "$(TARGET_NAME)";
				SWIFT_EMIT_LOC_STRINGS = YES;
				SWIFT_VERSION = 5.0;
				TARGETED_DEVICE_FAMILY = "1,2";
			};
			name = Release;
		};
		565D73102A7E0F9100912E81 /* Debug */ = {
			isa = XCBuildConfiguration;
			buildSettings = {
				ALWAYS_EMBED_SWIFT_STANDARD_LIBRARIES = YES;
				BUNDLE_LOADER = "$(TEST_HOST)";
				CODE_SIGN_STYLE = Automatic;
				CURRENT_PROJECT_VERSION = 1;
				DEVELOPMENT_TEAM = 3KZP62644C;
				GENERATE_INFOPLIST_FILE = YES;
				IPHONEOS_DEPLOYMENT_TARGET = 16.4;
				MARKETING_VERSION = 1.0;
				PRODUCT_BUNDLE_IDENTIFIER = com.minny27.SwiftTutorialTests;
				PRODUCT_NAME = "$(TARGET_NAME)";
				SWIFT_EMIT_LOC_STRINGS = NO;
				SWIFT_VERSION = 5.0;
				TARGETED_DEVICE_FAMILY = "1,2";
				TEST_HOST = "$(BUILT_PRODUCTS_DIR)/SwiftTutorial.app/$(BUNDLE_EXECUTABLE_FOLDER_PATH)/SwiftTutorial";
			};
			name = Debug;
		};
		565D73112A7E0F9100912E81 /* Release */ = {
			isa = XCBuildConfiguration;
			buildSettings = {
				ALWAYS_EMBED_SWIFT_STANDARD_LIBRARIES = YES;
				BUNDLE_LOADER = "$(TEST_HOST)";
				CODE_SIGN_STYLE = Automatic;
				CURRENT_PROJECT_VERSION = 1;
				DEVELOPMENT_TEAM = 3KZP62644C;
				GENERATE_INFOPLIST_FILE = YES;
				IPHONEOS_DEPLOYMENT_TARGET = 16.4;
				MARKETING_VERSION = 1.0;
				PRODUCT_BUNDLE_IDENTIFIER = com.minny27.SwiftTutorialTests;
				PRODUCT_NAME = "$(TARGET_NAME)";
				SWIFT_EMIT_LOC_STRINGS = NO;
				SWIFT_VERSION = 5.0;
				TARGETED_DEVICE_FAMILY = "1,2";
				TEST_HOST = "$(BUILT_PRODUCTS_DIR)/SwiftTutorial.app/$(BUNDLE_EXECUTABLE_FOLDER_PATH)/SwiftTutorial";
			};
			name = Release;
		};
		565D73132A7E0F9100912E81 /* Debug */ = {
			isa = XCBuildConfiguration;
			buildSettings = {
				ALWAYS_EMBED_SWIFT_STANDARD_LIBRARIES = YES;
				CODE_SIGN_STYLE = Automatic;
				CURRENT_PROJECT_VERSION = 1;
				DEVELOPMENT_TEAM = 3KZP62644C;
				GENERATE_INFOPLIST_FILE = YES;
				MARKETING_VERSION = 1.0;
				PRODUCT_BUNDLE_IDENTIFIER = com.minny27.SwiftTutorialUITests;
				PRODUCT_NAME = "$(TARGET_NAME)";
				SWIFT_EMIT_LOC_STRINGS = NO;
				SWIFT_VERSION = 5.0;
				TARGETED_DEVICE_FAMILY = "1,2";
				TEST_TARGET_NAME = SwiftTutorial;
			};
			name = Debug;
		};
		565D73142A7E0F9100912E81 /* Release */ = {
			isa = XCBuildConfiguration;
			buildSettings = {
				ALWAYS_EMBED_SWIFT_STANDARD_LIBRARIES = YES;
				CODE_SIGN_STYLE = Automatic;
				CURRENT_PROJECT_VERSION = 1;
				DEVELOPMENT_TEAM = 3KZP62644C;
				GENERATE_INFOPLIST_FILE = YES;
				MARKETING_VERSION = 1.0;
				PRODUCT_BUNDLE_IDENTIFIER = com.minny27.SwiftTutorialUITests;
				PRODUCT_NAME = "$(TARGET_NAME)";
				SWIFT_EMIT_LOC_STRINGS = NO;
				SWIFT_VERSION = 5.0;
				TARGETED_DEVICE_FAMILY = "1,2";
				TEST_TARGET_NAME = SwiftTutorial;
			};
			name = Release;
		};
/* End XCBuildConfiguration section */

/* Begin XCConfigurationList section */
		565D72E32A7E0F9000912E81 /* Build configuration list for PBXProject "SwiftTutorial" */ = {
			isa = XCConfigurationList;
			buildConfigurations = (
				565D730A2A7E0F9100912E81 /* Debug */,
				565D730B2A7E0F9100912E81 /* Release */,
			);
			defaultConfigurationIsVisible = 0;
			defaultConfigurationName = Release;
		};
		565D730C2A7E0F9100912E81 /* Build configuration list for PBXNativeTarget "SwiftTutorial" */ = {
			isa = XCConfigurationList;
			buildConfigurations = (
				565D730D2A7E0F9100912E81 /* Debug */,
				565D730E2A7E0F9100912E81 /* Release */,
			);
			defaultConfigurationIsVisible = 0;
			defaultConfigurationName = Release;
		};
		565D730F2A7E0F9100912E81 /* Build configuration list for PBXNativeTarget "SwiftTutorialTests" */ = {
			isa = XCConfigurationList;
			buildConfigurations = (
				565D73102A7E0F9100912E81 /* Debug */,
				565D73112A7E0F9100912E81 /* Release */,
			);
			defaultConfigurationIsVisible = 0;
			defaultConfigurationName = Release;
		};
		565D73122A7E0F9100912E81 /* Build configuration list for PBXNativeTarget "SwiftTutorialUITests" */ = {
			isa = XCConfigurationList;
			buildConfigurations = (
				565D73132A7E0F9100912E81 /* Debug */,
				565D73142A7E0F9100912E81 /* Release */,
			);
			defaultConfigurationIsVisible = 0;
			defaultConfigurationName = Release;
		};
/* End XCConfigurationList section */
	};
	rootObject = 565D72E02A7E0F9000912E81 /* Project object */;
}
